
Microsoft Visual Studio Solution File, Format Version 12.00
# Visual Studio Version 17
VisualStudioVersion = 17.9.34728.123
MinimumVisualStudioVersion = 10.0.40219.1
Project("{FAE04EC0-301F-11D3-BF4B-00C04F79EFBC}") = "Ecommerce", "Ecommerce\Ecommerce.csproj", "{27D20C6A-F592-4C22-9977-40789E0E19A5}"
EndProject
Global
	GlobalSection(SolutionConfigurationPlatforms) = preSolution
		Debug|Any CPU = Debug|Any CPU
		Release|Any CPU = Release|Any CPU
	EndGlobalSection
	GlobalSection(ProjectConfigurationPlatforms) = postSolution
		{27D20C6A-F592-4C22-9977-40789E0E19A5}.Debug|Any CPU.ActiveCfg = Debug|Any CPU
		{27D20C6A-F592-4C22-9977-40789E0E19A5}.Debug|Any CPU.Build.0 = Debug|Any CPU
		{27D20C6A-F592-4C22-9977-40789E0E19A5}.Release|Any CPU.ActiveCfg = Release|Any CPU
		{27D20C6A-F592-4C22-9977-40789E0E19A5}.Release|Any CPU.Build.0 = Release|Any CPU
	EndGlobalSection
	GlobalSection(SolutionProperties) = preSolution
		HideSolutionNode = FALSE
	EndGlobalSection
	GlobalSection(ExtensibilityGlobals) = postSolution
		SolutionGuid = {4FADCF1C-5589-435E-90AC-982C069D05F3}
	EndGlobalSection
EndGlobal
